
Microsoft Visual Studio Solution File, Format Version 12.00
# Visual Studio Version 16
VisualStudioVersion = 16.0.29009.5
MinimumVisualStudioVersion = 10.0.40219.1
Project("{FAE04EC0-301F-11D3-BF4B-00C04F79EFBC}") = "OneCLibrary", "OneCLibrary\OneCLibrary.csproj", "{7F66DFE2-0632-4049-8614-1FB0C21D60DC}"
EndProject
Global
	GlobalSection(SolutionConfigurationPlatforms) = preSolution
		Debug|Any CPU = Debug|Any CPU
		Release|Any CPU = Release|Any CPU
	EndGlobalSection
	GlobalSection(ProjectConfigurationPlatforms) = postSolution
		{7F66DFE2-0632-4049-8614-1FB0C21D60DC}.Debug|Any CPU.ActiveCfg = Debug|Any CPU
		{7F66DFE2-0632-4049-8614-1FB0C21D60DC}.Debug|Any CPU.Build.0 = Debug|Any CPU
		{7F66DFE2-0632-4049-8614-1FB0C21D60DC}.Release|Any CPU.ActiveCfg = Release|Any CPU
		{7F66DFE2-0632-4049-8614-1FB0C21D60DC}.Release|Any CPU.Build.0 = Release|Any CPU
	EndGlobalSection
	GlobalSection(SolutionProperties) = preSolution
		HideSolutionNode = FALSE
	EndGlobalSection
	GlobalSection(ExtensibilityGlobals) = postSolution
		SolutionGuid = {32B6B68D-D730-425A-A416-C7CC1DB51199}
	EndGlobalSection
EndGlobal
